
Microsoft Visual Studio Solution File, Format Version 12.00
# Visual Studio Version 17
VisualStudioVersion = 17.0.31919.166
MinimumVisualStudioVersion = 10.0.40219.1
Project("{F2A71F9B-5D33-465A-A702-920D77279786}") = "Puzzle01", "Puzzle01\Puzzle01.fsproj", "{4E4D3ED1-9493-4EBC-B201-DE973866A8DE}"
EndProject
Project("{F2A71F9B-5D33-465A-A702-920D77279786}") = "Puzzle01.Tests", "Puzzle01.Tests\Puzzle01.Tests.fsproj", "{24275E72-F5EB-4E54-930D-BD434B6C33EF}"
EndProject
Global
	GlobalSection(SolutionConfigurationPlatforms) = preSolution
		Debug|Any CPU = Debug|Any CPU
		Release|Any CPU = Release|Any CPU
	EndGlobalSection
	GlobalSection(ProjectConfigurationPlatforms) = postSolution
		{4E4D3ED1-9493-4EBC-B201-DE973866A8DE}.Debug|Any CPU.ActiveCfg = Debug|Any CPU
		{4E4D3ED1-9493-4EBC-B201-DE973866A8DE}.Debug|Any CPU.Build.0 = Debug|Any CPU
		{4E4D3ED1-9493-4EBC-B201-DE973866A8DE}.Release|Any CPU.ActiveCfg = Release|Any CPU
		{4E4D3ED1-9493-4EBC-B201-DE973866A8DE}.Release|Any CPU.Build.0 = Release|Any CPU
		{24275E72-F5EB-4E54-930D-BD434B6C33EF}.Debug|Any CPU.ActiveCfg = Debug|Any CPU
		{24275E72-F5EB-4E54-930D-BD434B6C33EF}.Debug|Any CPU.Build.0 = Debug|Any CPU
		{24275E72-F5EB-4E54-930D-BD434B6C33EF}.Release|Any CPU.ActiveCfg = Release|Any CPU
		{24275E72-F5EB-4E54-930D-BD434B6C33EF}.Release|Any CPU.Build.0 = Release|Any CPU
	EndGlobalSection
	GlobalSection(SolutionProperties) = preSolution
		HideSolutionNode = FALSE
	EndGlobalSection
	GlobalSection(ExtensibilityGlobals) = postSolution
		SolutionGuid = {F50A8187-7F63-456A-B9EA-A676BA2DE528}
	EndGlobalSection
EndGlobal
