
Microsoft Visual Studio Solution File, Format Version 12.00
# Visual Studio Version 17
VisualStudioVersion = 17.0.31919.166
MinimumVisualStudioVersion = 10.0.40219.1
Project("{6EC3EE1D-3C4E-46DD-8F32-0CC8E7565705}") = "Puzzle01", "Puzzle01\Puzzle01.fsproj", "{4E4D3ED1-9493-4EBC-B201-DE973866A8DE}"
EndProject
Project("{6EC3EE1D-3C4E-46DD-8F32-0CC8E7565705}") = "Puzzle01.Tests", "Puzzle01.Tests\Puzzle01.Tests.fsproj", "{24275E72-F5EB-4E54-930D-BD434B6C33EF}"
EndProject
Project("{6EC3EE1D-3C4E-46DD-8F32-0CC8E7565705}") = "Puzzle02", "Puzzle02\Puzzle02.fsproj", "{87B21838-2598-4043-AB9E-78FB439D7D58}"
EndProject
Project("{6EC3EE1D-3C4E-46DD-8F32-0CC8E7565705}") = "Puzzle02.Tests", "Puzzle02.Tests\Puzzle02.Tests.fsproj", "{59765C80-DCB0-40EE-9665-6728307FABB3}"
EndProject
Project("{6EC3EE1D-3C4E-46DD-8F32-0CC8E7565705}") = "Puzzle03", "Puzzle03\Puzzle03.fsproj", "{93DA7B90-8F45-4F97-BA29-2A38AD892FED}"
EndProject
Project("{6EC3EE1D-3C4E-46DD-8F32-0CC8E7565705}") = "Puzzle03.Tests", "Puzzle03.Tests\Puzzle03.Tests.fsproj", "{7EB49523-F058-431F-BA9A-96DDE2A1DAF7}"
EndProject
Project("{6EC3EE1D-3C4E-46DD-8F32-0CC8E7565705}") = "Puzzle04", "Puzzle04\Puzzle04.fsproj", "{069B06D5-2DE6-4E54-87CD-5D12304C87F3}"
EndProject
Project("{6EC3EE1D-3C4E-46DD-8F32-0CC8E7565705}") = "Puzzle04.Tests", "Puzzle04.Tests\Puzzle04.Tests.fsproj", "{E0AA0FC6-2FD9-4A21-B874-4A24CB52D68A}"
EndProject
Project("{6EC3EE1D-3C4E-46DD-8F32-0CC8E7565705}") = "Puzzle05", "Puzzle05\Puzzle05.fsproj", "{F02D7367-4071-454E-86C1-479F19906C45}"
EndProject
Project("{6EC3EE1D-3C4E-46DD-8F32-0CC8E7565705}") = "Puzzle05.Tests", "Puzzle05.Tests\Puzzle05.Tests.fsproj", "{375569E5-25A6-41EA-B139-8B3ACDE1677C}"
EndProject
Project("{6EC3EE1D-3C4E-46DD-8F32-0CC8E7565705}") = "Puzzle06", "Puzzle06\Puzzle06.fsproj", "{1E04F92A-0B8C-494F-9E10-F8215C5CF014}"
EndProject
Project("{6EC3EE1D-3C4E-46DD-8F32-0CC8E7565705}") = "Puzzle06.Tests", "Puzzle06.Tests\Puzzle06.Tests.fsproj", "{C86955B6-A2F4-476D-8929-04F584FFC979}"
EndProject
Project("{6EC3EE1D-3C4E-46DD-8F32-0CC8E7565705}") = "Puzzle07", "Puzzle07\Puzzle07.fsproj", "{DD0F7A7F-3F64-4AF0-A360-D925910038E1}"
EndProject
Project("{6EC3EE1D-3C4E-46DD-8F32-0CC8E7565705}") = "Puzzle07.Tests", "Puzzle07.Tests\Puzzle07.Tests.fsproj", "{76B5ADD4-64E9-47ED-9949-352E01D94AB7}"
EndProject
Project("{6EC3EE1D-3C4E-46DD-8F32-0CC8E7565705}") = "Puzzle08", "Puzzle08\Puzzle08.fsproj", "{7B8B2A5B-B8C7-4CBD-84D9-710264772722}"
EndProject
Project("{6EC3EE1D-3C4E-46DD-8F32-0CC8E7565705}") = "Puzzle08.Tests", "Puzzle08.Tests\Puzzle08.Tests.fsproj", "{44CF786E-9D8A-471D-BFF7-68B905107152}"
EndProject
Project("{6EC3EE1D-3C4E-46DD-8F32-0CC8E7565705}") = "Puzzle10", "Puzzle10\Puzzle10.fsproj", "{AF2DBFEA-56EE-4971-831B-05D8F8DED6CE}"
EndProject
Project("{6EC3EE1D-3C4E-46DD-8F32-0CC8E7565705}") = "Puzzle10.Tests", "Puzzle10.Tests\Puzzle10.Tests.fsproj", "{D9C39A46-3718-45F2-9548-051A1474345A}"
EndProject
Project("{F2A71F9B-5D33-465A-A702-920D77279786}") = "Puzzle09", "Puzzle09\Puzzle09.fsproj", "{7ED1CF5B-AB79-4E78-AA17-6C7536C61C25}"
EndProject
Project("{F2A71F9B-5D33-465A-A702-920D77279786}") = "Puzzle09.Tests", "Puzzle09.Tests\Puzzle09.Tests.fsproj", "{81CC8E25-F745-4253-8EB6-50CBFAFFAEFB}"
EndProject
Global
	GlobalSection(SolutionConfigurationPlatforms) = preSolution
		Debug|Any CPU = Debug|Any CPU
		Release|Any CPU = Release|Any CPU
	EndGlobalSection
	GlobalSection(ProjectConfigurationPlatforms) = postSolution
		{4E4D3ED1-9493-4EBC-B201-DE973866A8DE}.Debug|Any CPU.ActiveCfg = Debug|Any CPU
		{4E4D3ED1-9493-4EBC-B201-DE973866A8DE}.Debug|Any CPU.Build.0 = Debug|Any CPU
		{4E4D3ED1-9493-4EBC-B201-DE973866A8DE}.Release|Any CPU.ActiveCfg = Release|Any CPU
		{4E4D3ED1-9493-4EBC-B201-DE973866A8DE}.Release|Any CPU.Build.0 = Release|Any CPU
		{24275E72-F5EB-4E54-930D-BD434B6C33EF}.Debug|Any CPU.ActiveCfg = Debug|Any CPU
		{24275E72-F5EB-4E54-930D-BD434B6C33EF}.Debug|Any CPU.Build.0 = Debug|Any CPU
		{24275E72-F5EB-4E54-930D-BD434B6C33EF}.Release|Any CPU.ActiveCfg = Release|Any CPU
		{24275E72-F5EB-4E54-930D-BD434B6C33EF}.Release|Any CPU.Build.0 = Release|Any CPU
		{87B21838-2598-4043-AB9E-78FB439D7D58}.Debug|Any CPU.ActiveCfg = Debug|Any CPU
		{87B21838-2598-4043-AB9E-78FB439D7D58}.Debug|Any CPU.Build.0 = Debug|Any CPU
		{87B21838-2598-4043-AB9E-78FB439D7D58}.Release|Any CPU.ActiveCfg = Release|Any CPU
		{87B21838-2598-4043-AB9E-78FB439D7D58}.Release|Any CPU.Build.0 = Release|Any CPU
		{59765C80-DCB0-40EE-9665-6728307FABB3}.Debug|Any CPU.ActiveCfg = Debug|Any CPU
		{59765C80-DCB0-40EE-9665-6728307FABB3}.Debug|Any CPU.Build.0 = Debug|Any CPU
		{59765C80-DCB0-40EE-9665-6728307FABB3}.Release|Any CPU.ActiveCfg = Release|Any CPU
		{59765C80-DCB0-40EE-9665-6728307FABB3}.Release|Any CPU.Build.0 = Release|Any CPU
		{93DA7B90-8F45-4F97-BA29-2A38AD892FED}.Debug|Any CPU.ActiveCfg = Debug|Any CPU
		{93DA7B90-8F45-4F97-BA29-2A38AD892FED}.Debug|Any CPU.Build.0 = Debug|Any CPU
		{93DA7B90-8F45-4F97-BA29-2A38AD892FED}.Release|Any CPU.ActiveCfg = Release|Any CPU
		{93DA7B90-8F45-4F97-BA29-2A38AD892FED}.Release|Any CPU.Build.0 = Release|Any CPU
		{7EB49523-F058-431F-BA9A-96DDE2A1DAF7}.Debug|Any CPU.ActiveCfg = Debug|Any CPU
		{7EB49523-F058-431F-BA9A-96DDE2A1DAF7}.Debug|Any CPU.Build.0 = Debug|Any CPU
		{7EB49523-F058-431F-BA9A-96DDE2A1DAF7}.Release|Any CPU.ActiveCfg = Release|Any CPU
		{7EB49523-F058-431F-BA9A-96DDE2A1DAF7}.Release|Any CPU.Build.0 = Release|Any CPU
		{069B06D5-2DE6-4E54-87CD-5D12304C87F3}.Debug|Any CPU.ActiveCfg = Debug|Any CPU
		{069B06D5-2DE6-4E54-87CD-5D12304C87F3}.Debug|Any CPU.Build.0 = Debug|Any CPU
		{069B06D5-2DE6-4E54-87CD-5D12304C87F3}.Release|Any CPU.ActiveCfg = Release|Any CPU
		{069B06D5-2DE6-4E54-87CD-5D12304C87F3}.Release|Any CPU.Build.0 = Release|Any CPU
		{E0AA0FC6-2FD9-4A21-B874-4A24CB52D68A}.Debug|Any CPU.ActiveCfg = Debug|Any CPU
		{E0AA0FC6-2FD9-4A21-B874-4A24CB52D68A}.Debug|Any CPU.Build.0 = Debug|Any CPU
		{E0AA0FC6-2FD9-4A21-B874-4A24CB52D68A}.Release|Any CPU.ActiveCfg = Release|Any CPU
		{E0AA0FC6-2FD9-4A21-B874-4A24CB52D68A}.Release|Any CPU.Build.0 = Release|Any CPU
		{F02D7367-4071-454E-86C1-479F19906C45}.Debug|Any CPU.ActiveCfg = Debug|Any CPU
		{F02D7367-4071-454E-86C1-479F19906C45}.Debug|Any CPU.Build.0 = Debug|Any CPU
		{F02D7367-4071-454E-86C1-479F19906C45}.Release|Any CPU.ActiveCfg = Release|Any CPU
		{F02D7367-4071-454E-86C1-479F19906C45}.Release|Any CPU.Build.0 = Release|Any CPU
		{375569E5-25A6-41EA-B139-8B3ACDE1677C}.Debug|Any CPU.ActiveCfg = Debug|Any CPU
		{375569E5-25A6-41EA-B139-8B3ACDE1677C}.Debug|Any CPU.Build.0 = Debug|Any CPU
		{375569E5-25A6-41EA-B139-8B3ACDE1677C}.Release|Any CPU.ActiveCfg = Release|Any CPU
		{375569E5-25A6-41EA-B139-8B3ACDE1677C}.Release|Any CPU.Build.0 = Release|Any CPU
		{1E04F92A-0B8C-494F-9E10-F8215C5CF014}.Debug|Any CPU.ActiveCfg = Debug|Any CPU
		{1E04F92A-0B8C-494F-9E10-F8215C5CF014}.Debug|Any CPU.Build.0 = Debug|Any CPU
		{1E04F92A-0B8C-494F-9E10-F8215C5CF014}.Release|Any CPU.ActiveCfg = Release|Any CPU
		{1E04F92A-0B8C-494F-9E10-F8215C5CF014}.Release|Any CPU.Build.0 = Release|Any CPU
		{C86955B6-A2F4-476D-8929-04F584FFC979}.Debug|Any CPU.ActiveCfg = Debug|Any CPU
		{C86955B6-A2F4-476D-8929-04F584FFC979}.Debug|Any CPU.Build.0 = Debug|Any CPU
		{C86955B6-A2F4-476D-8929-04F584FFC979}.Release|Any CPU.ActiveCfg = Release|Any CPU
		{C86955B6-A2F4-476D-8929-04F584FFC979}.Release|Any CPU.Build.0 = Release|Any CPU
		{DD0F7A7F-3F64-4AF0-A360-D925910038E1}.Debug|Any CPU.ActiveCfg = Debug|Any CPU
		{DD0F7A7F-3F64-4AF0-A360-D925910038E1}.Debug|Any CPU.Build.0 = Debug|Any CPU
		{DD0F7A7F-3F64-4AF0-A360-D925910038E1}.Release|Any CPU.ActiveCfg = Release|Any CPU
		{DD0F7A7F-3F64-4AF0-A360-D925910038E1}.Release|Any CPU.Build.0 = Release|Any CPU
		{76B5ADD4-64E9-47ED-9949-352E01D94AB7}.Debug|Any CPU.ActiveCfg = Debug|Any CPU
		{76B5ADD4-64E9-47ED-9949-352E01D94AB7}.Debug|Any CPU.Build.0 = Debug|Any CPU
		{76B5ADD4-64E9-47ED-9949-352E01D94AB7}.Release|Any CPU.ActiveCfg = Release|Any CPU
		{76B5ADD4-64E9-47ED-9949-352E01D94AB7}.Release|Any CPU.Build.0 = Release|Any CPU
		{7B8B2A5B-B8C7-4CBD-84D9-710264772722}.Debug|Any CPU.ActiveCfg = Debug|Any CPU
		{7B8B2A5B-B8C7-4CBD-84D9-710264772722}.Debug|Any CPU.Build.0 = Debug|Any CPU
		{7B8B2A5B-B8C7-4CBD-84D9-710264772722}.Release|Any CPU.ActiveCfg = Release|Any CPU
		{7B8B2A5B-B8C7-4CBD-84D9-710264772722}.Release|Any CPU.Build.0 = Release|Any CPU
		{44CF786E-9D8A-471D-BFF7-68B905107152}.Debug|Any CPU.ActiveCfg = Debug|Any CPU
		{44CF786E-9D8A-471D-BFF7-68B905107152}.Debug|Any CPU.Build.0 = Debug|Any CPU
		{44CF786E-9D8A-471D-BFF7-68B905107152}.Release|Any CPU.ActiveCfg = Release|Any CPU
		{44CF786E-9D8A-471D-BFF7-68B905107152}.Release|Any CPU.Build.0 = Release|Any CPU
		{AF2DBFEA-56EE-4971-831B-05D8F8DED6CE}.Debug|Any CPU.ActiveCfg = Debug|Any CPU
		{AF2DBFEA-56EE-4971-831B-05D8F8DED6CE}.Debug|Any CPU.Build.0 = Debug|Any CPU
		{AF2DBFEA-56EE-4971-831B-05D8F8DED6CE}.Release|Any CPU.ActiveCfg = Release|Any CPU
		{AF2DBFEA-56EE-4971-831B-05D8F8DED6CE}.Release|Any CPU.Build.0 = Release|Any CPU
		{D9C39A46-3718-45F2-9548-051A1474345A}.Debug|Any CPU.ActiveCfg = Debug|Any CPU
		{D9C39A46-3718-45F2-9548-051A1474345A}.Debug|Any CPU.Build.0 = Debug|Any CPU
		{D9C39A46-3718-45F2-9548-051A1474345A}.Release|Any CPU.ActiveCfg = Release|Any CPU
		{D9C39A46-3718-45F2-9548-051A1474345A}.Release|Any CPU.Build.0 = Release|Any CPU
		{7ED1CF5B-AB79-4E78-AA17-6C7536C61C25}.Debug|Any CPU.ActiveCfg = Debug|Any CPU
		{7ED1CF5B-AB79-4E78-AA17-6C7536C61C25}.Debug|Any CPU.Build.0 = Debug|Any CPU
		{7ED1CF5B-AB79-4E78-AA17-6C7536C61C25}.Release|Any CPU.ActiveCfg = Release|Any CPU
		{7ED1CF5B-AB79-4E78-AA17-6C7536C61C25}.Release|Any CPU.Build.0 = Release|Any CPU
		{81CC8E25-F745-4253-8EB6-50CBFAFFAEFB}.Debug|Any CPU.ActiveCfg = Debug|Any CPU
		{81CC8E25-F745-4253-8EB6-50CBFAFFAEFB}.Debug|Any CPU.Build.0 = Debug|Any CPU
		{81CC8E25-F745-4253-8EB6-50CBFAFFAEFB}.Release|Any CPU.ActiveCfg = Release|Any CPU
		{81CC8E25-F745-4253-8EB6-50CBFAFFAEFB}.Release|Any CPU.Build.0 = Release|Any CPU
	EndGlobalSection
	GlobalSection(SolutionProperties) = preSolution
		HideSolutionNode = FALSE
	EndGlobalSection
	GlobalSection(ExtensibilityGlobals) = postSolution
		SolutionGuid = {F50A8187-7F63-456A-B9EA-A676BA2DE528}
	EndGlobalSection
EndGlobal
