
Microsoft Visual Studio Solution File, Format Version 12.00
# Visual Studio Version 17
VisualStudioVersion = 17.0.31919.166
MinimumVisualStudioVersion = 10.0.40219.1
Project("{6EC3EE1D-3C4E-46DD-8F32-0CC8E7565705}") = "Puzzle01", "Puzzle01\Puzzle01.fsproj", "{4E4D3ED1-9493-4EBC-B201-DE973866A8DE}"
EndProject
Project("{6EC3EE1D-3C4E-46DD-8F32-0CC8E7565705}") = "Puzzle01.Tests", "Puzzle01.Tests\Puzzle01.Tests.fsproj", "{24275E72-F5EB-4E54-930D-BD434B6C33EF}"
EndProject
Project("{6EC3EE1D-3C4E-46DD-8F32-0CC8E7565705}") = "Puzzle02", "Puzzle02\Puzzle02.fsproj", "{87B21838-2598-4043-AB9E-78FB439D7D58}"
EndProject
Project("{6EC3EE1D-3C4E-46DD-8F32-0CC8E7565705}") = "Puzzle02.Tests", "Puzzle02.Tests\Puzzle02.Tests.fsproj", "{59765C80-DCB0-40EE-9665-6728307FABB3}"
EndProject
Project("{F2A71F9B-5D33-465A-A702-920D77279786}") = "Puzzle03", "Puzzle03\Puzzle03.fsproj", "{93DA7B90-8F45-4F97-BA29-2A38AD892FED}"
EndProject
Project("{F2A71F9B-5D33-465A-A702-920D77279786}") = "Puzzle03.Tests", "Puzzle03.Tests\Puzzle03.Tests.fsproj", "{7EB49523-F058-431F-BA9A-96DDE2A1DAF7}"
EndProject
Global
	GlobalSection(SolutionConfigurationPlatforms) = preSolution
		Debug|Any CPU = Debug|Any CPU
		Release|Any CPU = Release|Any CPU
	EndGlobalSection
	GlobalSection(ProjectConfigurationPlatforms) = postSolution
		{4E4D3ED1-9493-4EBC-B201-DE973866A8DE}.Debug|Any CPU.ActiveCfg = Debug|Any CPU
		{4E4D3ED1-9493-4EBC-B201-DE973866A8DE}.Debug|Any CPU.Build.0 = Debug|Any CPU
		{4E4D3ED1-9493-4EBC-B201-DE973866A8DE}.Release|Any CPU.ActiveCfg = Release|Any CPU
		{4E4D3ED1-9493-4EBC-B201-DE973866A8DE}.Release|Any CPU.Build.0 = Release|Any CPU
		{24275E72-F5EB-4E54-930D-BD434B6C33EF}.Debug|Any CPU.ActiveCfg = Debug|Any CPU
		{24275E72-F5EB-4E54-930D-BD434B6C33EF}.Debug|Any CPU.Build.0 = Debug|Any CPU
		{24275E72-F5EB-4E54-930D-BD434B6C33EF}.Release|Any CPU.ActiveCfg = Release|Any CPU
		{24275E72-F5EB-4E54-930D-BD434B6C33EF}.Release|Any CPU.Build.0 = Release|Any CPU
		{87B21838-2598-4043-AB9E-78FB439D7D58}.Debug|Any CPU.ActiveCfg = Debug|Any CPU
		{87B21838-2598-4043-AB9E-78FB439D7D58}.Debug|Any CPU.Build.0 = Debug|Any CPU
		{87B21838-2598-4043-AB9E-78FB439D7D58}.Release|Any CPU.ActiveCfg = Release|Any CPU
		{87B21838-2598-4043-AB9E-78FB439D7D58}.Release|Any CPU.Build.0 = Release|Any CPU
		{59765C80-DCB0-40EE-9665-6728307FABB3}.Debug|Any CPU.ActiveCfg = Debug|Any CPU
		{59765C80-DCB0-40EE-9665-6728307FABB3}.Debug|Any CPU.Build.0 = Debug|Any CPU
		{59765C80-DCB0-40EE-9665-6728307FABB3}.Release|Any CPU.ActiveCfg = Release|Any CPU
		{59765C80-DCB0-40EE-9665-6728307FABB3}.Release|Any CPU.Build.0 = Release|Any CPU
		{93DA7B90-8F45-4F97-BA29-2A38AD892FED}.Debug|Any CPU.ActiveCfg = Debug|Any CPU
		{93DA7B90-8F45-4F97-BA29-2A38AD892FED}.Debug|Any CPU.Build.0 = Debug|Any CPU
		{93DA7B90-8F45-4F97-BA29-2A38AD892FED}.Release|Any CPU.ActiveCfg = Release|Any CPU
		{93DA7B90-8F45-4F97-BA29-2A38AD892FED}.Release|Any CPU.Build.0 = Release|Any CPU
		{7EB49523-F058-431F-BA9A-96DDE2A1DAF7}.Debug|Any CPU.ActiveCfg = Debug|Any CPU
		{7EB49523-F058-431F-BA9A-96DDE2A1DAF7}.Debug|Any CPU.Build.0 = Debug|Any CPU
		{7EB49523-F058-431F-BA9A-96DDE2A1DAF7}.Release|Any CPU.ActiveCfg = Release|Any CPU
		{7EB49523-F058-431F-BA9A-96DDE2A1DAF7}.Release|Any CPU.Build.0 = Release|Any CPU
	EndGlobalSection
	GlobalSection(SolutionProperties) = preSolution
		HideSolutionNode = FALSE
	EndGlobalSection
	GlobalSection(ExtensibilityGlobals) = postSolution
		SolutionGuid = {F50A8187-7F63-456A-B9EA-A676BA2DE528}
	EndGlobalSection
EndGlobal
